
Microsoft Visual Studio Solution File, Format Version 12.00
# Visual Studio Version 17
VisualStudioVersion = 17.11.35208.52
MinimumVisualStudioVersion = 10.0.40219.1
Project("{FAE04EC0-301F-11D3-BF4B-00C04F79EFBC}") = "AulaAPS", "AulaAPS.csproj", "{81057A3D-E5C0-489A-9B8B-BCB43C59FB2B}"
EndProject
Global
	GlobalSection(SolutionConfigurationPlatforms) = preSolution
		Debug|Any CPU = Debug|Any CPU
		Release|Any CPU = Release|Any CPU
	EndGlobalSection
	GlobalSection(ProjectConfigurationPlatforms) = postSolution
		{81057A3D-E5C0-489A-9B8B-BCB43C59FB2B}.Debug|Any CPU.ActiveCfg = Debug|Any CPU
		{81057A3D-E5C0-489A-9B8B-BCB43C59FB2B}.Debug|Any CPU.Build.0 = Debug|Any CPU
		{81057A3D-E5C0-489A-9B8B-BCB43C59FB2B}.Release|Any CPU.ActiveCfg = Release|Any CPU
		{81057A3D-E5C0-489A-9B8B-BCB43C59FB2B}.Release|Any CPU.Build.0 = Release|Any CPU
	EndGlobalSection
	GlobalSection(SolutionProperties) = preSolution
		HideSolutionNode = FALSE
	EndGlobalSection
	GlobalSection(ExtensibilityGlobals) = postSolution
		SolutionGuid = {58BD0B27-F0EB-49C8-805C-97A9683C41C2}
	EndGlobalSection
EndGlobal
